
Microsoft Visual Studio Solution File, Format Version 12.00
# Visual Studio Version 16
VisualStudioVersion = 16.0.29905.134
MinimumVisualStudioVersion = 10.0.40219.1
Project("{FAE04EC0-301F-11D3-BF4B-00C04F79EFBC}") = "WindowsFormsApp1", "WindowsFormsApp1\WindowsFormsApp1.csproj", "{7DCFF6C4-582B-49D4-9EA0-E0C1061998FF}"
EndProject
Global
	GlobalSection(SolutionConfigurationPlatforms) = preSolution
		Debug|Any CPU = Debug|Any CPU
		Release|Any CPU = Release|Any CPU
	EndGlobalSection
	GlobalSection(ProjectConfigurationPlatforms) = postSolution
		{7DCFF6C4-582B-49D4-9EA0-E0C1061998FF}.Debug|Any CPU.ActiveCfg = Debug|Any CPU
		{7DCFF6C4-582B-49D4-9EA0-E0C1061998FF}.Debug|Any CPU.Build.0 = Debug|Any CPU
		{7DCFF6C4-582B-49D4-9EA0-E0C1061998FF}.Release|Any CPU.ActiveCfg = Release|Any CPU
		{7DCFF6C4-582B-49D4-9EA0-E0C1061998FF}.Release|Any CPU.Build.0 = Release|Any CPU
	EndGlobalSection
	GlobalSection(SolutionProperties) = preSolution
		HideSolutionNode = FALSE
	EndGlobalSection
	GlobalSection(ExtensibilityGlobals) = postSolution
		SolutionGuid = {8300875F-B13D-443A-AF9C-14492ED10514}
	EndGlobalSection
EndGlobal
